// !$*UTF8*$!
{
	archiveVersion = 1;
	classes = {
	};
	objectVersion = 50;
	objects = {

/* Begin PBXBuildFile section */
		2264FB44F4B68926354FD64A /* Pods_CookTimeTests.framework in Frameworks */ = {isa = PBXBuildFile; fileRef = 96A1F65625902C671CA10E33 /* Pods_CookTimeTests.framework */; };
		30084A751E8769DDF845DB1E /* Pods_CookTimeUITests.framework in Frameworks */ = {isa = PBXBuildFile; fileRef = 697247FD33DE5FD26513F4AB /* Pods_CookTimeUITests.framework */; };
		7FB2EB8B2103A5CB006407A9 /* AppDelegate.swift in Sources */ = {isa = PBXBuildFile; fileRef = 7FB2EB8A2103A5CB006407A9 /* AppDelegate.swift */; };
		7FB2EB8D2103A5CB006407A9 /* ViewController.swift in Sources */ = {isa = PBXBuildFile; fileRef = 7FB2EB8C2103A5CB006407A9 /* ViewController.swift */; };
		7FB2EB902103A5CB006407A9 /* Main.storyboard in Resources */ = {isa = PBXBuildFile; fileRef = 7FB2EB8E2103A5CB006407A9 /* Main.storyboard */; };
		7FB2EB922103A5D1006407A9 /* Assets.xcassets in Resources */ = {isa = PBXBuildFile; fileRef = 7FB2EB912103A5D1006407A9 /* Assets.xcassets */; };
		7FB2EB952103A5D1006407A9 /* LaunchScreen.storyboard in Resources */ = {isa = PBXBuildFile; fileRef = 7FB2EB932103A5D1006407A9 /* LaunchScreen.storyboard */; };
		7FB2EBA02103A5D1006407A9 /* CookTimeTests.swift in Sources */ = {isa = PBXBuildFile; fileRef = 7FB2EB9F2103A5D1006407A9 /* CookTimeTests.swift */; };
		7FB2EBAB2103A5D1006407A9 /* CookTimeUITests.swift in Sources */ = {isa = PBXBuildFile; fileRef = 7FB2EBAA2103A5D1006407A9 /* CookTimeUITests.swift */; };
		7FB2EBBA2103B63C006407A9 /* UIKit.framework in Frameworks */ = {isa = PBXBuildFile; fileRef = 7FB2EBB92103B63C006407A9 /* UIKit.framework */; };
		7FB2EBBC2103B650006407A9 /* Foundation.framework in Frameworks */ = {isa = PBXBuildFile; fileRef = 7FB2EBBB2103B650006407A9 /* Foundation.framework */; };
		7FB2EBBE2103B656006407A9 /* AVFoundation.framework in Frameworks */ = {isa = PBXBuildFile; fileRef = 7FB2EBBD2103B656006407A9 /* AVFoundation.framework */; };
		7FB2EBC02103B664006407A9 /* AudioToolbox.framework in Frameworks */ = {isa = PBXBuildFile; fileRef = 7FB2EBBF2103B664006407A9 /* AudioToolbox.framework */; };
		7FB2EBC22103B670006407A9 /* CoreMedia.framework in Frameworks */ = {isa = PBXBuildFile; fileRef = 7FB2EBC12103B66F006407A9 /* CoreMedia.framework */; };
		7FB2EBC42103B67F006407A9 /* MediaPlayer.framework in Frameworks */ = {isa = PBXBuildFile; fileRef = 7FB2EBC32103B67F006407A9 /* MediaPlayer.framework */; };
		7FB2EBCF2103B6AE006407A9 /* libbambuserplayer.a in Frameworks */ = {isa = PBXBuildFile; fileRef = 7FB2EBCD2103B6AE006407A9 /* libbambuserplayer.a */; };
		7FB2EBD02103B6AE006407A9 /* libbambuser.a in Frameworks */ = {isa = PBXBuildFile; fileRef = 7FB2EBCE2103B6AE006407A9 /* libbambuser.a */; };
		7FB2EBD32103D02C006407A9 /* MenuViewController.swift in Sources */ = {isa = PBXBuildFile; fileRef = 7FB2EBD22103D02C006407A9 /* MenuViewController.swift */; };
		7FB2EBD52103D7F8006407A9 /* libz.tbd in Frameworks */ = {isa = PBXBuildFile; fileRef = 7FB2EBD42103D7F8006407A9 /* libz.tbd */; };
		7FB2EBD72103D809006407A9 /* libc++.tbd in Frameworks */ = {isa = PBXBuildFile; fileRef = 7FB2EBD62103D809006407A9 /* libc++.tbd */; };
		7FB2EBD92103D813006407A9 /* CoreGraphics.framework in Frameworks */ = {isa = PBXBuildFile; fileRef = 7FB2EBD82103D813006407A9 /* CoreGraphics.framework */; };
		7FB2EBDB2103D81C006407A9 /* CoreLocation.framework in Frameworks */ = {isa = PBXBuildFile; fileRef = 7FB2EBDA2103D81C006407A9 /* CoreLocation.framework */; };
		7FB2EBDD2103D82A006407A9 /* CoreVideo.framework in Frameworks */ = {isa = PBXBuildFile; fileRef = 7FB2EBDC2103D829006407A9 /* CoreVideo.framework */; };
		7FB2EBDF2103D832006407A9 /* QuartzCore.framework in Frameworks */ = {isa = PBXBuildFile; fileRef = 7FB2EBDE2103D832006407A9 /* QuartzCore.framework */; };
		7FB2EBE12103D83B006407A9 /* SystemConfiguration.framework in Frameworks */ = {isa = PBXBuildFile; fileRef = 7FB2EBE02103D83B006407A9 /* SystemConfiguration.framework */; };
		7FB2EBE32103D84D006407A9 /* VideoToolbox.framework in Frameworks */ = {isa = PBXBuildFile; fileRef = 7FB2EBE22103D84C006407A9 /* VideoToolbox.framework */; };
		87B32DBF0E2DFBF2D31006FD /* Pods_CookTime.framework in Frameworks */ = {isa = PBXBuildFile; fileRef = 8EABCE0A2CDB43029C6AAAB4 /* Pods_CookTime.framework */; };
/* End PBXBuildFile section */

/* Begin PBXContainerItemProxy section */
		7FB2EB9C2103A5D1006407A9 /* PBXContainerItemProxy */ = {
			isa = PBXContainerItemProxy;
			containerPortal = 7FB2EB7F2103A5CB006407A9 /* Project object */;
			proxyType = 1;
			remoteGlobalIDString = 7FB2EB862103A5CB006407A9;
			remoteInfo = CookTime;
		};
		7FB2EBA72103A5D1006407A9 /* PBXContainerItemProxy */ = {
			isa = PBXContainerItemProxy;
			containerPortal = 7FB2EB7F2103A5CB006407A9 /* Project object */;
			proxyType = 1;
			remoteGlobalIDString = 7FB2EB862103A5CB006407A9;
			remoteInfo = CookTime;
		};
/* End PBXContainerItemProxy section */

/* Begin PBXFileReference section */
		368A52A13440B3C6448FA0CF /* Pods-CookTimeTests.release.xcconfig */ = {isa = PBXFileReference; includeInIndex = 1; lastKnownFileType = text.xcconfig; name = "Pods-CookTimeTests.release.xcconfig"; path = "Pods/Target Support Files/Pods-CookTimeTests/Pods-CookTimeTests.release.xcconfig"; sourceTree = "<group>"; };
		4F22ADDF6F0B68D53E46BC96 /* Pods-CookTime.release.xcconfig */ = {isa = PBXFileReference; includeInIndex = 1; lastKnownFileType = text.xcconfig; name = "Pods-CookTime.release.xcconfig"; path = "Pods/Target Support Files/Pods-CookTime/Pods-CookTime.release.xcconfig"; sourceTree = "<group>"; };
		6036A236BCECF65BF542C257 /* Pods-CookTime.debug.xcconfig */ = {isa = PBXFileReference; includeInIndex = 1; lastKnownFileType = text.xcconfig; name = "Pods-CookTime.debug.xcconfig"; path = "Pods/Target Support Files/Pods-CookTime/Pods-CookTime.debug.xcconfig"; sourceTree = "<group>"; };
		697247FD33DE5FD26513F4AB /* Pods_CookTimeUITests.framework */ = {isa = PBXFileReference; explicitFileType = wrapper.framework; includeInIndex = 0; path = Pods_CookTimeUITests.framework; sourceTree = BUILT_PRODUCTS_DIR; };
		7FB2EB872103A5CB006407A9 /* CookTime.app */ = {isa = PBXFileReference; explicitFileType = wrapper.application; includeInIndex = 0; path = CookTime.app; sourceTree = BUILT_PRODUCTS_DIR; };
		7FB2EB8A2103A5CB006407A9 /* AppDelegate.swift */ = {isa = PBXFileReference; lastKnownFileType = sourcecode.swift; path = AppDelegate.swift; sourceTree = "<group>"; };
		7FB2EB8C2103A5CB006407A9 /* ViewController.swift */ = {isa = PBXFileReference; lastKnownFileType = sourcecode.swift; path = ViewController.swift; sourceTree = "<group>"; };
		7FB2EB8F2103A5CB006407A9 /* Base */ = {isa = PBXFileReference; lastKnownFileType = file.storyboard; name = Base; path = Base.lproj/Main.storyboard; sourceTree = "<group>"; };
		7FB2EB912103A5D1006407A9 /* Assets.xcassets */ = {isa = PBXFileReference; lastKnownFileType = folder.assetcatalog; path = Assets.xcassets; sourceTree = "<group>"; };
		7FB2EB942103A5D1006407A9 /* Base */ = {isa = PBXFileReference; lastKnownFileType = file.storyboard; name = Base; path = Base.lproj/LaunchScreen.storyboard; sourceTree = "<group>"; };
		7FB2EB962103A5D1006407A9 /* Info.plist */ = {isa = PBXFileReference; lastKnownFileType = text.plist.xml; path = Info.plist; sourceTree = "<group>"; };
		7FB2EB9B2103A5D1006407A9 /* CookTimeTests.xctest */ = {isa = PBXFileReference; explicitFileType = wrapper.cfbundle; includeInIndex = 0; path = CookTimeTests.xctest; sourceTree = BUILT_PRODUCTS_DIR; };
		7FB2EB9F2103A5D1006407A9 /* CookTimeTests.swift */ = {isa = PBXFileReference; lastKnownFileType = sourcecode.swift; path = CookTimeTests.swift; sourceTree = "<group>"; };
		7FB2EBA12103A5D1006407A9 /* Info.plist */ = {isa = PBXFileReference; lastKnownFileType = text.plist.xml; path = Info.plist; sourceTree = "<group>"; };
		7FB2EBA62103A5D1006407A9 /* CookTimeUITests.xctest */ = {isa = PBXFileReference; explicitFileType = wrapper.cfbundle; includeInIndex = 0; path = CookTimeUITests.xctest; sourceTree = BUILT_PRODUCTS_DIR; };
		7FB2EBAA2103A5D1006407A9 /* CookTimeUITests.swift */ = {isa = PBXFileReference; lastKnownFileType = sourcecode.swift; path = CookTimeUITests.swift; sourceTree = "<group>"; };
		7FB2EBAC2103A5D1006407A9 /* Info.plist */ = {isa = PBXFileReference; lastKnownFileType = text.plist.xml; path = Info.plist; sourceTree = "<group>"; };
		7FB2EBB92103B63C006407A9 /* UIKit.framework */ = {isa = PBXFileReference; lastKnownFileType = wrapper.framework; name = UIKit.framework; path = System/Library/Frameworks/UIKit.framework; sourceTree = SDKROOT; };
		7FB2EBBB2103B650006407A9 /* Foundation.framework */ = {isa = PBXFileReference; lastKnownFileType = wrapper.framework; name = Foundation.framework; path = System/Library/Frameworks/Foundation.framework; sourceTree = SDKROOT; };
		7FB2EBBD2103B656006407A9 /* AVFoundation.framework */ = {isa = PBXFileReference; lastKnownFileType = wrapper.framework; name = AVFoundation.framework; path = System/Library/Frameworks/AVFoundation.framework; sourceTree = SDKROOT; };
		7FB2EBBF2103B664006407A9 /* AudioToolbox.framework */ = {isa = PBXFileReference; lastKnownFileType = wrapper.framework; name = AudioToolbox.framework; path = System/Library/Frameworks/AudioToolbox.framework; sourceTree = SDKROOT; };
		7FB2EBC12103B66F006407A9 /* CoreMedia.framework */ = {isa = PBXFileReference; lastKnownFileType = wrapper.framework; name = CoreMedia.framework; path = System/Library/Frameworks/CoreMedia.framework; sourceTree = SDKROOT; };
		7FB2EBC32103B67F006407A9 /* MediaPlayer.framework */ = {isa = PBXFileReference; lastKnownFileType = wrapper.framework; name = MediaPlayer.framework; path = System/Library/Frameworks/MediaPlayer.framework; sourceTree = SDKROOT; };
		7FB2EBC72103B6AE006407A9 /* libbambuserplayer-constants.h */ = {isa = PBXFileReference; fileEncoding = 4; lastKnownFileType = sourcecode.c.h; path = "libbambuserplayer-constants.h"; sourceTree = "<group>"; };
		7FB2EBC82103B6AE006407A9 /* BambuserViewDelegate.h */ = {isa = PBXFileReference; fileEncoding = 4; lastKnownFileType = sourcecode.c.h; path = BambuserViewDelegate.h; sourceTree = "<group>"; };
		7FB2EBC92103B6AE006407A9 /* BambuserConstants.h */ = {isa = PBXFileReference; fileEncoding = 4; lastKnownFileType = sourcecode.c.h; path = BambuserConstants.h; sourceTree = "<group>"; };
		7FB2EBCA2103B6AE006407A9 /* libbambuserplayer.h */ = {isa = PBXFileReference; fileEncoding = 4; lastKnownFileType = sourcecode.c.h; path = libbambuserplayer.h; sourceTree = "<group>"; };
		7FB2EBCB2103B6AE006407A9 /* libbambuser.h */ = {isa = PBXFileReference; fileEncoding = 4; lastKnownFileType = sourcecode.c.h; path = libbambuser.h; sourceTree = "<group>"; };
		7FB2EBCD2103B6AE006407A9 /* libbambuserplayer.a */ = {isa = PBXFileReference; lastKnownFileType = archive.ar; path = libbambuserplayer.a; sourceTree = "<group>"; };
		7FB2EBCE2103B6AE006407A9 /* libbambuser.a */ = {isa = PBXFileReference; lastKnownFileType = archive.ar; path = libbambuser.a; sourceTree = "<group>"; };
		7FB2EBD12103BA5B006407A9 /* libbambuserplayer-bridge.h */ = {isa = PBXFileReference; lastKnownFileType = sourcecode.c.h; path = "libbambuserplayer-bridge.h"; sourceTree = "<group>"; };
		7FB2EBD22103D02C006407A9 /* MenuViewController.swift */ = {isa = PBXFileReference; lastKnownFileType = sourcecode.swift; path = MenuViewController.swift; sourceTree = "<group>"; };
		7FB2EBD42103D7F8006407A9 /* libz.tbd */ = {isa = PBXFileReference; lastKnownFileType = "sourcecode.text-based-dylib-definition"; name = libz.tbd; path = usr/lib/libz.tbd; sourceTree = SDKROOT; };
		7FB2EBD62103D809006407A9 /* libc++.tbd */ = {isa = PBXFileReference; lastKnownFileType = "sourcecode.text-based-dylib-definition"; name = "libc++.tbd"; path = "usr/lib/libc++.tbd"; sourceTree = SDKROOT; };
		7FB2EBD82103D813006407A9 /* CoreGraphics.framework */ = {isa = PBXFileReference; lastKnownFileType = wrapper.framework; name = CoreGraphics.framework; path = System/Library/Frameworks/CoreGraphics.framework; sourceTree = SDKROOT; };
		7FB2EBDA2103D81C006407A9 /* CoreLocation.framework */ = {isa = PBXFileReference; lastKnownFileType = wrapper.framework; name = CoreLocation.framework; path = System/Library/Frameworks/CoreLocation.framework; sourceTree = SDKROOT; };
		7FB2EBDC2103D829006407A9 /* CoreVideo.framework */ = {isa = PBXFileReference; lastKnownFileType = wrapper.framework; name = CoreVideo.framework; path = System/Library/Frameworks/CoreVideo.framework; sourceTree = SDKROOT; };
		7FB2EBDE2103D832006407A9 /* QuartzCore.framework */ = {isa = PBXFileReference; lastKnownFileType = wrapper.framework; name = QuartzCore.framework; path = System/Library/Frameworks/QuartzCore.framework; sourceTree = SDKROOT; };
		7FB2EBE02103D83B006407A9 /* SystemConfiguration.framework */ = {isa = PBXFileReference; lastKnownFileType = wrapper.framework; name = SystemConfiguration.framework; path = System/Library/Frameworks/SystemConfiguration.framework; sourceTree = SDKROOT; };
		7FB2EBE22103D84C006407A9 /* VideoToolbox.framework */ = {isa = PBXFileReference; lastKnownFileType = wrapper.framework; name = VideoToolbox.framework; path = System/Library/Frameworks/VideoToolbox.framework; sourceTree = SDKROOT; };
		8EABCE0A2CDB43029C6AAAB4 /* Pods_CookTime.framework */ = {isa = PBXFileReference; explicitFileType = wrapper.framework; includeInIndex = 0; path = Pods_CookTime.framework; sourceTree = BUILT_PRODUCTS_DIR; };
		96A1F65625902C671CA10E33 /* Pods_CookTimeTests.framework */ = {isa = PBXFileReference; explicitFileType = wrapper.framework; includeInIndex = 0; path = Pods_CookTimeTests.framework; sourceTree = BUILT_PRODUCTS_DIR; };
		9C559C9C288438D701A37D1F /* Pods-CookTimeTests.debug.xcconfig */ = {isa = PBXFileReference; includeInIndex = 1; lastKnownFileType = text.xcconfig; name = "Pods-CookTimeTests.debug.xcconfig"; path = "Pods/Target Support Files/Pods-CookTimeTests/Pods-CookTimeTests.debug.xcconfig"; sourceTree = "<group>"; };
		BD0E25447B240DD5B288CDC5 /* Pods-CookTimeUITests.release.xcconfig */ = {isa = PBXFileReference; includeInIndex = 1; lastKnownFileType = text.xcconfig; name = "Pods-CookTimeUITests.release.xcconfig"; path = "Pods/Target Support Files/Pods-CookTimeUITests/Pods-CookTimeUITests.release.xcconfig"; sourceTree = "<group>"; };
		D68EAF4D6CBD53AA5371A089 /* Pods-CookTimeUITests.debug.xcconfig */ = {isa = PBXFileReference; includeInIndex = 1; lastKnownFileType = text.xcconfig; name = "Pods-CookTimeUITests.debug.xcconfig"; path = "Pods/Target Support Files/Pods-CookTimeUITests/Pods-CookTimeUITests.debug.xcconfig"; sourceTree = "<group>"; };
/* End PBXFileReference section */

/* Begin PBXFrameworksBuildPhase section */
		7FB2EB842103A5CB006407A9 /* Frameworks */ = {
			isa = PBXFrameworksBuildPhase;
			buildActionMask = 2147483647;
			files = (
				7FB2EBE32103D84D006407A9 /* VideoToolbox.framework in Frameworks */,
				7FB2EBE12103D83B006407A9 /* SystemConfiguration.framework in Frameworks */,
				7FB2EBDF2103D832006407A9 /* QuartzCore.framework in Frameworks */,
				7FB2EBDD2103D82A006407A9 /* CoreVideo.framework in Frameworks */,
				7FB2EBDB2103D81C006407A9 /* CoreLocation.framework in Frameworks */,
				7FB2EBD92103D813006407A9 /* CoreGraphics.framework in Frameworks */,
				7FB2EBD72103D809006407A9 /* libc++.tbd in Frameworks */,
				7FB2EBD52103D7F8006407A9 /* libz.tbd in Frameworks */,
				7FB2EBC42103B67F006407A9 /* MediaPlayer.framework in Frameworks */,
				7FB2EBC22103B670006407A9 /* CoreMedia.framework in Frameworks */,
				7FB2EBC02103B664006407A9 /* AudioToolbox.framework in Frameworks */,
				7FB2EBBE2103B656006407A9 /* AVFoundation.framework in Frameworks */,
				7FB2EBD02103B6AE006407A9 /* libbambuser.a in Frameworks */,
				7FB2EBCF2103B6AE006407A9 /* libbambuserplayer.a in Frameworks */,
				7FB2EBBC2103B650006407A9 /* Foundation.framework in Frameworks */,
				7FB2EBBA2103B63C006407A9 /* UIKit.framework in Frameworks */,
				87B32DBF0E2DFBF2D31006FD /* Pods_CookTime.framework in Frameworks */,
			);
			runOnlyForDeploymentPostprocessing = 0;
		};
		7FB2EB982103A5D1006407A9 /* Frameworks */ = {
			isa = PBXFrameworksBuildPhase;
			buildActionMask = 2147483647;
			files = (
				2264FB44F4B68926354FD64A /* Pods_CookTimeTests.framework in Frameworks */,
			);
			runOnlyForDeploymentPostprocessing = 0;
		};
		7FB2EBA32103A5D1006407A9 /* Frameworks */ = {
			isa = PBXFrameworksBuildPhase;
			buildActionMask = 2147483647;
			files = (
				30084A751E8769DDF845DB1E /* Pods_CookTimeUITests.framework in Frameworks */,
			);
			runOnlyForDeploymentPostprocessing = 0;
		};
/* End PBXFrameworksBuildPhase section */

/* Begin PBXGroup section */
		7FB2EB7E2103A5CB006407A9 = {
			isa = PBXGroup;
			children = (
				7FB2EB892103A5CB006407A9 /* CookTime */,
				7FB2EB9E2103A5D1006407A9 /* CookTimeTests */,
				7FB2EBA92103A5D1006407A9 /* CookTimeUITests */,
				7FB2EB882103A5CB006407A9 /* Products */,
				7FB2EBB82103B63C006407A9 /* Frameworks */,
				8EFAEF51FCC040F6757042E5 /* Pods */,
			);
			sourceTree = "<group>";
		};
		7FB2EB882103A5CB006407A9 /* Products */ = {
			isa = PBXGroup;
			children = (
				7FB2EB872103A5CB006407A9 /* CookTime.app */,
				7FB2EB9B2103A5D1006407A9 /* CookTimeTests.xctest */,
				7FB2EBA62103A5D1006407A9 /* CookTimeUITests.xctest */,
			);
			name = Products;
			sourceTree = "<group>";
		};
		7FB2EB892103A5CB006407A9 /* CookTime */ = {
			isa = PBXGroup;
			children = (
				7FB2EB8A2103A5CB006407A9 /* AppDelegate.swift */,
				7FB2EBD12103BA5B006407A9 /* libbambuserplayer-bridge.h */,
				7FB2EB8C2103A5CB006407A9 /* ViewController.swift */,
				7FB2EB8E2103A5CB006407A9 /* Main.storyboard */,
				7FB2EBD22103D02C006407A9 /* MenuViewController.swift */,
				7FB2EB912103A5D1006407A9 /* Assets.xcassets */,
				7FB2EB932103A5D1006407A9 /* LaunchScreen.storyboard */,
				7FB2EB962103A5D1006407A9 /* Info.plist */,
			);
			path = CookTime;
			sourceTree = "<group>";
		};
		7FB2EB9E2103A5D1006407A9 /* CookTimeTests */ = {
			isa = PBXGroup;
			children = (
				7FB2EB9F2103A5D1006407A9 /* CookTimeTests.swift */,
				7FB2EBA12103A5D1006407A9 /* Info.plist */,
			);
			path = CookTimeTests;
			sourceTree = "<group>";
		};
		7FB2EBA92103A5D1006407A9 /* CookTimeUITests */ = {
			isa = PBXGroup;
			children = (
				7FB2EBAA2103A5D1006407A9 /* CookTimeUITests.swift */,
				7FB2EBAC2103A5D1006407A9 /* Info.plist */,
			);
			path = CookTimeUITests;
			sourceTree = "<group>";
		};
		7FB2EBB82103B63C006407A9 /* Frameworks */ = {
			isa = PBXGroup;
			children = (
				7FB2EBE22103D84C006407A9 /* VideoToolbox.framework */,
				7FB2EBE02103D83B006407A9 /* SystemConfiguration.framework */,
				7FB2EBDE2103D832006407A9 /* QuartzCore.framework */,
				7FB2EBDC2103D829006407A9 /* CoreVideo.framework */,
				7FB2EBDA2103D81C006407A9 /* CoreLocation.framework */,
				7FB2EBD82103D813006407A9 /* CoreGraphics.framework */,
				7FB2EBD62103D809006407A9 /* libc++.tbd */,
				7FB2EBD42103D7F8006407A9 /* libz.tbd */,
				7FB2EBC52103B6AE006407A9 /* prebuilt */,
				7FB2EBC32103B67F006407A9 /* MediaPlayer.framework */,
				7FB2EBC12103B66F006407A9 /* CoreMedia.framework */,
				7FB2EBBF2103B664006407A9 /* AudioToolbox.framework */,
				7FB2EBBD2103B656006407A9 /* AVFoundation.framework */,
				7FB2EBBB2103B650006407A9 /* Foundation.framework */,
				7FB2EBB92103B63C006407A9 /* UIKit.framework */,
				8EABCE0A2CDB43029C6AAAB4 /* Pods_CookTime.framework */,
				96A1F65625902C671CA10E33 /* Pods_CookTimeTests.framework */,
				697247FD33DE5FD26513F4AB /* Pods_CookTimeUITests.framework */,
			);
			name = Frameworks;
			sourceTree = "<group>";
		};
		7FB2EBC52103B6AE006407A9 /* prebuilt */ = {
			isa = PBXGroup;
			children = (
				7FB2EBC62103B6AE006407A9 /* include */,
				7FB2EBCC2103B6AE006407A9 /* lib */,
			);
			path = prebuilt;
			sourceTree = "<group>";
		};
		7FB2EBC62103B6AE006407A9 /* include */ = {
			isa = PBXGroup;
			children = (
				7FB2EBC72103B6AE006407A9 /* libbambuserplayer-constants.h */,
				7FB2EBC82103B6AE006407A9 /* BambuserViewDelegate.h */,
				7FB2EBC92103B6AE006407A9 /* BambuserConstants.h */,
				7FB2EBCA2103B6AE006407A9 /* libbambuserplayer.h */,
				7FB2EBCB2103B6AE006407A9 /* libbambuser.h */,
			);
			path = include;
			sourceTree = "<group>";
		};
		7FB2EBCC2103B6AE006407A9 /* lib */ = {
			isa = PBXGroup;
			children = (
				7FB2EBCD2103B6AE006407A9 /* libbambuserplayer.a */,
				7FB2EBCE2103B6AE006407A9 /* libbambuser.a */,
			);
			path = lib;
			sourceTree = "<group>";
		};
		8EFAEF51FCC040F6757042E5 /* Pods */ = {
			isa = PBXGroup;
			children = (
				6036A236BCECF65BF542C257 /* Pods-CookTime.debug.xcconfig */,
				4F22ADDF6F0B68D53E46BC96 /* Pods-CookTime.release.xcconfig */,
				9C559C9C288438D701A37D1F /* Pods-CookTimeTests.debug.xcconfig */,
				368A52A13440B3C6448FA0CF /* Pods-CookTimeTests.release.xcconfig */,
				D68EAF4D6CBD53AA5371A089 /* Pods-CookTimeUITests.debug.xcconfig */,
				BD0E25447B240DD5B288CDC5 /* Pods-CookTimeUITests.release.xcconfig */,
			);
			name = Pods;
			sourceTree = "<group>";
		};
/* End PBXGroup section */

/* Begin PBXNativeTarget section */
		7FB2EB862103A5CB006407A9 /* CookTime */ = {
			isa = PBXNativeTarget;
			buildConfigurationList = 7FB2EBAF2103A5D1006407A9 /* Build configuration list for PBXNativeTarget "CookTime" */;
			buildPhases = (
				17CE0ADFCC092E4989475C5F /* [CP] Check Pods Manifest.lock */,
				7FB2EB832103A5CB006407A9 /* Sources */,
				7FB2EB842103A5CB006407A9 /* Frameworks */,
				7FB2EB852103A5CB006407A9 /* Resources */,
				9A0AD65B814BBFE7C11480BF /* [CP] Embed Pods Frameworks */,
			);
			buildRules = (
			);
			dependencies = (
			);
			name = CookTime;
			productName = CookTime;
			productReference = 7FB2EB872103A5CB006407A9 /* CookTime.app */;
			productType = "com.apple.product-type.application";
		};
		7FB2EB9A2103A5D1006407A9 /* CookTimeTests */ = {
			isa = PBXNativeTarget;
			buildConfigurationList = 7FB2EBB22103A5D1006407A9 /* Build configuration list for PBXNativeTarget "CookTimeTests" */;
			buildPhases = (
				777053A2CF960D84A6670F9E /* [CP] Check Pods Manifest.lock */,
				7FB2EB972103A5D1006407A9 /* Sources */,
				7FB2EB982103A5D1006407A9 /* Frameworks */,
				7FB2EB992103A5D1006407A9 /* Resources */,
			);
			buildRules = (
			);
			dependencies = (
				7FB2EB9D2103A5D1006407A9 /* PBXTargetDependency */,
			);
			name = CookTimeTests;
			productName = CookTimeTests;
			productReference = 7FB2EB9B2103A5D1006407A9 /* CookTimeTests.xctest */;
			productType = "com.apple.product-type.bundle.unit-test";
		};
		7FB2EBA52103A5D1006407A9 /* CookTimeUITests */ = {
			isa = PBXNativeTarget;
			buildConfigurationList = 7FB2EBB52103A5D1006407A9 /* Build configuration list for PBXNativeTarget "CookTimeUITests" */;
			buildPhases = (
				9F42BF24791ECA0F43657F1E /* [CP] Check Pods Manifest.lock */,
				7FB2EBA22103A5D1006407A9 /* Sources */,
				7FB2EBA32103A5D1006407A9 /* Frameworks */,
				7FB2EBA42103A5D1006407A9 /* Resources */,
			);
			buildRules = (
			);
			dependencies = (
				7FB2EBA82103A5D1006407A9 /* PBXTargetDependency */,
			);
			name = CookTimeUITests;
			productName = CookTimeUITests;
			productReference = 7FB2EBA62103A5D1006407A9 /* CookTimeUITests.xctest */;
			productType = "com.apple.product-type.bundle.ui-testing";
		};
/* End PBXNativeTarget section */

/* Begin PBXProject section */
		7FB2EB7F2103A5CB006407A9 /* Project object */ = {
			isa = PBXProject;
			attributes = {
				LastSwiftUpdateCheck = 0940;
				LastUpgradeCheck = 0940;
				ORGANIZATIONNAME = "RW Software";
				TargetAttributes = {
					7FB2EB862103A5CB006407A9 = {
						CreatedOnToolsVersion = 9.4;
					};
					7FB2EB9A2103A5D1006407A9 = {
						CreatedOnToolsVersion = 9.4;
						TestTargetID = 7FB2EB862103A5CB006407A9;
					};
					7FB2EBA52103A5D1006407A9 = {
						CreatedOnToolsVersion = 9.4;
						TestTargetID = 7FB2EB862103A5CB006407A9;
					};
				};
			};
			buildConfigurationList = 7FB2EB822103A5CB006407A9 /* Build configuration list for PBXProject "CookTime" */;
			compatibilityVersion = "Xcode 9.3";
			developmentRegion = en;
			hasScannedForEncodings = 0;
			knownRegions = (
				en,
				Base,
			);
			mainGroup = 7FB2EB7E2103A5CB006407A9;
			productRefGroup = 7FB2EB882103A5CB006407A9 /* Products */;
			projectDirPath = "";
			projectRoot = "";
			targets = (
				7FB2EB862103A5CB006407A9 /* CookTime */,
				7FB2EB9A2103A5D1006407A9 /* CookTimeTests */,
				7FB2EBA52103A5D1006407A9 /* CookTimeUITests */,
			);
		};
/* End PBXProject section */

/* Begin PBXResourcesBuildPhase section */
		7FB2EB852103A5CB006407A9 /* Resources */ = {
			isa = PBXResourcesBuildPhase;
			buildActionMask = 2147483647;
			files = (
				7FB2EB952103A5D1006407A9 /* LaunchScreen.storyboard in Resources */,
				7FB2EB922103A5D1006407A9 /* Assets.xcassets in Resources */,
				7FB2EB902103A5CB006407A9 /* Main.storyboard in Resources */,
			);
			runOnlyForDeploymentPostprocessing = 0;
		};
		7FB2EB992103A5D1006407A9 /* Resources */ = {
			isa = PBXResourcesBuildPhase;
			buildActionMask = 2147483647;
			files = (
			);
			runOnlyForDeploymentPostprocessing = 0;
		};
		7FB2EBA42103A5D1006407A9 /* Resources */ = {
			isa = PBXResourcesBuildPhase;
			buildActionMask = 2147483647;
			files = (
			);
			runOnlyForDeploymentPostprocessing = 0;
		};
/* End PBXResourcesBuildPhase section */

/* Begin PBXShellScriptBuildPhase section */
		17CE0ADFCC092E4989475C5F /* [CP] Check Pods Manifest.lock */ = {
			isa = PBXShellScriptBuildPhase;
			buildActionMask = 2147483647;
			files = (
			);
			inputPaths = (
				"${PODS_PODFILE_DIR_PATH}/Podfile.lock",
				"${PODS_ROOT}/Manifest.lock",
			);
			name = "[CP] Check Pods Manifest.lock";
			outputPaths = (
				"$(DERIVED_FILE_DIR)/Pods-CookTime-checkManifestLockResult.txt",
			);
			runOnlyForDeploymentPostprocessing = 0;
			shellPath = /bin/sh;
			shellScript = "diff \"${PODS_PODFILE_DIR_PATH}/Podfile.lock\" \"${PODS_ROOT}/Manifest.lock\" > /dev/null\nif [ $? != 0 ] ; then\n    # print error to STDERR\n    echo \"error: The sandbox is not in sync with the Podfile.lock. Run 'pod install' or update your CocoaPods installation.\" >&2\n    exit 1\nfi\n# This output is used by Xcode 'outputs' to avoid re-running this script phase.\necho \"SUCCESS\" > \"${SCRIPT_OUTPUT_FILE_0}\"\n";
			showEnvVarsInLog = 0;
		};
		777053A2CF960D84A6670F9E /* [CP] Check Pods Manifest.lock */ = {
			isa = PBXShellScriptBuildPhase;
			buildActionMask = 2147483647;
			files = (
			);
			inputPaths = (
				"${PODS_PODFILE_DIR_PATH}/Podfile.lock",
				"${PODS_ROOT}/Manifest.lock",
			);
			name = "[CP] Check Pods Manifest.lock";
			outputPaths = (
				"$(DERIVED_FILE_DIR)/Pods-CookTimeTests-checkManifestLockResult.txt",
			);
			runOnlyForDeploymentPostprocessing = 0;
			shellPath = /bin/sh;
			shellScript = "diff \"${PODS_PODFILE_DIR_PATH}/Podfile.lock\" \"${PODS_ROOT}/Manifest.lock\" > /dev/null\nif [ $? != 0 ] ; then\n    # print error to STDERR\n    echo \"error: The sandbox is not in sync with the Podfile.lock. Run 'pod install' or update your CocoaPods installation.\" >&2\n    exit 1\nfi\n# This output is used by Xcode 'outputs' to avoid re-running this script phase.\necho \"SUCCESS\" > \"${SCRIPT_OUTPUT_FILE_0}\"\n";
			showEnvVarsInLog = 0;
		};
		9A0AD65B814BBFE7C11480BF /* [CP] Embed Pods Frameworks */ = {
			isa = PBXShellScriptBuildPhase;
			buildActionMask = 2147483647;
			files = (
			);
			inputPaths = (
				"${SRCROOT}/Pods/Target Support Files/Pods-CookTime/Pods-CookTime-frameworks.sh",
				"${BUILT_PRODUCTS_DIR}/SnapKit/SnapKit.framework",
			);
			name = "[CP] Embed Pods Frameworks";
			outputPaths = (
				"${TARGET_BUILD_DIR}/${FRAMEWORKS_FOLDER_PATH}/SnapKit.framework",
			);
			runOnlyForDeploymentPostprocessing = 0;
			shellPath = /bin/sh;
			shellScript = "\"${SRCROOT}/Pods/Target Support Files/Pods-CookTime/Pods-CookTime-frameworks.sh\"\n";
			showEnvVarsInLog = 0;
		};
		9F42BF24791ECA0F43657F1E /* [CP] Check Pods Manifest.lock */ = {
			isa = PBXShellScriptBuildPhase;
			buildActionMask = 2147483647;
			files = (
			);
			inputPaths = (
				"${PODS_PODFILE_DIR_PATH}/Podfile.lock",
				"${PODS_ROOT}/Manifest.lock",
			);
			name = "[CP] Check Pods Manifest.lock";
			outputPaths = (
				"$(DERIVED_FILE_DIR)/Pods-CookTimeUITests-checkManifestLockResult.txt",
			);
			runOnlyForDeploymentPostprocessing = 0;
			shellPath = /bin/sh;
			shellScript = "diff \"${PODS_PODFILE_DIR_PATH}/Podfile.lock\" \"${PODS_ROOT}/Manifest.lock\" > /dev/null\nif [ $? != 0 ] ; then\n    # print error to STDERR\n    echo \"error: The sandbox is not in sync with the Podfile.lock. Run 'pod install' or update your CocoaPods installation.\" >&2\n    exit 1\nfi\n# This output is used by Xcode 'outputs' to avoid re-running this script phase.\necho \"SUCCESS\" > \"${SCRIPT_OUTPUT_FILE_0}\"\n";
			showEnvVarsInLog = 0;
		};
/* End PBXShellScriptBuildPhase section */

/* Begin PBXSourcesBuildPhase section */
		7FB2EB832103A5CB006407A9 /* Sources */ = {
			isa = PBXSourcesBuildPhase;
			buildActionMask = 2147483647;
			files = (
				7FB2EB8D2103A5CB006407A9 /* ViewController.swift in Sources */,
				7FB2EBD32103D02C006407A9 /* MenuViewController.swift in Sources */,
				7FB2EB8B2103A5CB006407A9 /* AppDelegate.swift in Sources */,
			);
			runOnlyForDeploymentPostprocessing = 0;
		};
		7FB2EB972103A5D1006407A9 /* Sources */ = {
			isa = PBXSourcesBuildPhase;
			buildActionMask = 2147483647;
			files = (
				7FB2EBA02103A5D1006407A9 /* CookTimeTests.swift in Sources */,
			);
			runOnlyForDeploymentPostprocessing = 0;
		};
		7FB2EBA22103A5D1006407A9 /* Sources */ = {
			isa = PBXSourcesBuildPhase;
			buildActionMask = 2147483647;
			files = (
				7FB2EBAB2103A5D1006407A9 /* CookTimeUITests.swift in Sources */,
			);
			runOnlyForDeploymentPostprocessing = 0;
		};
/* End PBXSourcesBuildPhase section */

/* Begin PBXTargetDependency section */
		7FB2EB9D2103A5D1006407A9 /* PBXTargetDependency */ = {
			isa = PBXTargetDependency;
			target = 7FB2EB862103A5CB006407A9 /* CookTime */;
			targetProxy = 7FB2EB9C2103A5D1006407A9 /* PBXContainerItemProxy */;
		};
		7FB2EBA82103A5D1006407A9 /* PBXTargetDependency */ = {
			isa = PBXTargetDependency;
			target = 7FB2EB862103A5CB006407A9 /* CookTime */;
			targetProxy = 7FB2EBA72103A5D1006407A9 /* PBXContainerItemProxy */;
		};
/* End PBXTargetDependency section */

/* Begin PBXVariantGroup section */
		7FB2EB8E2103A5CB006407A9 /* Main.storyboard */ = {
			isa = PBXVariantGroup;
			children = (
				7FB2EB8F2103A5CB006407A9 /* Base */,
			);
			name = Main.storyboard;
			sourceTree = "<group>";
		};
		7FB2EB932103A5D1006407A9 /* LaunchScreen.storyboard */ = {
			isa = PBXVariantGroup;
			children = (
				7FB2EB942103A5D1006407A9 /* Base */,
			);
			name = LaunchScreen.storyboard;
			sourceTree = "<group>";
		};
/* End PBXVariantGroup section */

/* Begin XCBuildConfiguration section */
		7FB2EBAD2103A5D1006407A9 /* Debug */ = {
			isa = XCBuildConfiguration;
			buildSettings = {
				ALWAYS_SEARCH_USER_PATHS = NO;
				CLANG_ANALYZER_NONNULL = YES;
				CLANG_ANALYZER_NUMBER_OBJECT_CONVERSION = YES_AGGRESSIVE;
				CLANG_CXX_LANGUAGE_STANDARD = "gnu++14";
				CLANG_CXX_LIBRARY = "libc++";
				CLANG_ENABLE_MODULES = YES;
				CLANG_ENABLE_OBJC_ARC = YES;
				CLANG_ENABLE_OBJC_WEAK = YES;
				CLANG_WARN_BLOCK_CAPTURE_AUTORELEASING = YES;
				CLANG_WARN_BOOL_CONVERSION = YES;
				CLANG_WARN_COMMA = YES;
				CLANG_WARN_CONSTANT_CONVERSION = YES;
				CLANG_WARN_DEPRECATED_OBJC_IMPLEMENTATIONS = YES;
				CLANG_WARN_DIRECT_OBJC_ISA_USAGE = YES_ERROR;
				CLANG_WARN_DOCUMENTATION_COMMENTS = YES;
				CLANG_WARN_EMPTY_BODY = YES;
				CLANG_WARN_ENUM_CONVERSION = YES;
				CLANG_WARN_INFINITE_RECURSION = YES;
				CLANG_WARN_INT_CONVERSION = YES;
				CLANG_WARN_NON_LITERAL_NULL_CONVERSION = YES;
				CLANG_WARN_OBJC_IMPLICIT_RETAIN_SELF = YES;
				CLANG_WARN_OBJC_LITERAL_CONVERSION = YES;
				CLANG_WARN_OBJC_ROOT_CLASS = YES_ERROR;
				CLANG_WARN_RANGE_LOOP_ANALYSIS = YES;
				CLANG_WARN_STRICT_PROTOTYPES = YES;
				CLANG_WARN_SUSPICIOUS_MOVE = YES;
				CLANG_WARN_UNGUARDED_AVAILABILITY = YES_AGGRESSIVE;
				CLANG_WARN_UNREACHABLE_CODE = YES;
				CLANG_WARN__DUPLICATE_METHOD_MATCH = YES;
				CODE_SIGN_IDENTITY = "iPhone Developer";
				COPY_PHASE_STRIP = NO;
				DEBUG_INFORMATION_FORMAT = dwarf;
				ENABLE_STRICT_OBJC_MSGSEND = YES;
				ENABLE_TESTABILITY = YES;
				GCC_C_LANGUAGE_STANDARD = gnu11;
				GCC_DYNAMIC_NO_PIC = NO;
				GCC_NO_COMMON_BLOCKS = YES;
				GCC_OPTIMIZATION_LEVEL = 0;
				GCC_PREPROCESSOR_DEFINITIONS = (
					"DEBUG=1",
					"$(inherited)",
				);
				GCC_WARN_64_TO_32_BIT_CONVERSION = YES;
				GCC_WARN_ABOUT_RETURN_TYPE = YES_ERROR;
				GCC_WARN_UNDECLARED_SELECTOR = YES;
				GCC_WARN_UNINITIALIZED_AUTOS = YES_AGGRESSIVE;
				GCC_WARN_UNUSED_FUNCTION = YES;
				GCC_WARN_UNUSED_VARIABLE = YES;
				IPHONEOS_DEPLOYMENT_TARGET = 11.4;
				MTL_ENABLE_DEBUG_INFO = YES;
				ONLY_ACTIVE_ARCH = YES;
				SDKROOT = iphoneos;
				SWIFT_ACTIVE_COMPILATION_CONDITIONS = DEBUG;
				SWIFT_OPTIMIZATION_LEVEL = "-Onone";
			};
			name = Debug;
		};
		7FB2EBAE2103A5D1006407A9 /* Release */ = {
			isa = XCBuildConfiguration;
			buildSettings = {
				ALWAYS_SEARCH_USER_PATHS = NO;
				CLANG_ANALYZER_NONNULL = YES;
				CLANG_ANALYZER_NUMBER_OBJECT_CONVERSION = YES_AGGRESSIVE;
				CLANG_CXX_LANGUAGE_STANDARD = "gnu++14";
				CLANG_CXX_LIBRARY = "libc++";
				CLANG_ENABLE_MODULES = YES;
				CLANG_ENABLE_OBJC_ARC = YES;
				CLANG_ENABLE_OBJC_WEAK = YES;
				CLANG_WARN_BLOCK_CAPTURE_AUTORELEASING = YES;
				CLANG_WARN_BOOL_CONVERSION = YES;
				CLANG_WARN_COMMA = YES;
				CLANG_WARN_CONSTANT_CONVERSION = YES;
				CLANG_WARN_DEPRECATED_OBJC_IMPLEMENTATIONS = YES;
				CLANG_WARN_DIRECT_OBJC_ISA_USAGE = YES_ERROR;
				CLANG_WARN_DOCUMENTATION_COMMENTS = YES;
				CLANG_WARN_EMPTY_BODY = YES;
				CLANG_WARN_ENUM_CONVERSION = YES;
				CLANG_WARN_INFINITE_RECURSION = YES;
				CLANG_WARN_INT_CONVERSION = YES;
				CLANG_WARN_NON_LITERAL_NULL_CONVERSION = YES;
				CLANG_WARN_OBJC_IMPLICIT_RETAIN_SELF = YES;
				CLANG_WARN_OBJC_LITERAL_CONVERSION = YES;
				CLANG_WARN_OBJC_ROOT_CLASS = YES_ERROR;
				CLANG_WARN_RANGE_LOOP_ANALYSIS = YES;
				CLANG_WARN_STRICT_PROTOTYPES = YES;
				CLANG_WARN_SUSPICIOUS_MOVE = YES;
				CLANG_WARN_UNGUARDED_AVAILABILITY = YES_AGGRESSIVE;
				CLANG_WARN_UNREACHABLE_CODE = YES;
				CLANG_WARN__DUPLICATE_METHOD_MATCH = YES;
				CODE_SIGN_IDENTITY = "iPhone Developer";
				COPY_PHASE_STRIP = NO;
				DEBUG_INFORMATION_FORMAT = "dwarf-with-dsym";
				ENABLE_NS_ASSERTIONS = NO;
				ENABLE_STRICT_OBJC_MSGSEND = YES;
				GCC_C_LANGUAGE_STANDARD = gnu11;
				GCC_NO_COMMON_BLOCKS = YES;
				GCC_WARN_64_TO_32_BIT_CONVERSION = YES;
				GCC_WARN_ABOUT_RETURN_TYPE = YES_ERROR;
				GCC_WARN_UNDECLARED_SELECTOR = YES;
				GCC_WARN_UNINITIALIZED_AUTOS = YES_AGGRESSIVE;
				GCC_WARN_UNUSED_FUNCTION = YES;
				GCC_WARN_UNUSED_VARIABLE = YES;
				IPHONEOS_DEPLOYMENT_TARGET = 11.4;
				MTL_ENABLE_DEBUG_INFO = NO;
				SDKROOT = iphoneos;
				SWIFT_COMPILATION_MODE = wholemodule;
				SWIFT_OPTIMIZATION_LEVEL = "-O";
				VALIDATE_PRODUCT = YES;
			};
			name = Release;
		};
		7FB2EBB02103A5D1006407A9 /* Debug */ = {
			isa = XCBuildConfiguration;
			baseConfigurationReference = 6036A236BCECF65BF542C257 /* Pods-CookTime.debug.xcconfig */;
			buildSettings = {
				ASSETCATALOG_COMPILER_APPICON_NAME = AppIcon;
				CODE_SIGN_STYLE = Automatic;
				DEVELOPMENT_TEAM = NQRKAAHYPQ;
				INFOPLIST_FILE = CookTime/Info.plist;
				IPHONEOS_DEPLOYMENT_TARGET = 11.0;
				LD_RUNPATH_SEARCH_PATHS = (
					"$(inherited)",
					"@executable_path/Frameworks",
				);
				LIBRARY_SEARCH_PATHS = (
					"$(inherited)",
					"$(PROJECT_DIR)/prebuilt/lib",
				);
				PRODUCT_BUNDLE_IDENTIFIER = RW.CookTime;
				PRODUCT_NAME = "$(TARGET_NAME)";
				SWIFT_OBJC_BRIDGING_HEADER = "CookTime/libbambuserplayer-bridge.h";
				SWIFT_VERSION = 4.0;
				TARGETED_DEVICE_FAMILY = "1,2";
			};
			name = Debug;
		};
		7FB2EBB12103A5D1006407A9 /* Release */ = {
			isa = XCBuildConfiguration;
			baseConfigurationReference = 4F22ADDF6F0B68D53E46BC96 /* Pods-CookTime.release.xcconfig */;
			buildSettings = {
				ASSETCATALOG_COMPILER_APPICON_NAME = AppIcon;
				CODE_SIGN_STYLE = Automatic;
				DEVELOPMENT_TEAM = NQRKAAHYPQ;
				INFOPLIST_FILE = CookTime/Info.plist;
				IPHONEOS_DEPLOYMENT_TARGET = 11.0;
				LD_RUNPATH_SEARCH_PATHS = (
					"$(inherited)",
					"@executable_path/Frameworks",
				);
				LIBRARY_SEARCH_PATHS = (
					"$(inherited)",
					"$(PROJECT_DIR)/prebuilt/lib",
				);
				PRODUCT_BUNDLE_IDENTIFIER = RW.CookTime;
				PRODUCT_NAME = "$(TARGET_NAME)";
				SWIFT_OBJC_BRIDGING_HEADER = "CookTime/libbambuserplayer-bridge.h";
				SWIFT_VERSION = 4.0;
				TARGETED_DEVICE_FAMILY = "1,2";
			};
			name = Release;
		};
		7FB2EBB32103A5D1006407A9 /* Debug */ = {
			isa = XCBuildConfiguration;
			baseConfigurationReference = 9C559C9C288438D701A37D1F /* Pods-CookTimeTests.debug.xcconfig */;
			buildSettings = {
				ALWAYS_EMBED_SWIFT_STANDARD_LIBRARIES = YES;
				BUNDLE_LOADER = "$(TEST_HOST)";
				CODE_SIGN_STYLE = Automatic;
				DEVELOPMENT_TEAM = NQRKAAHYPQ;
				INFOPLIST_FILE = CookTimeTests/Info.plist;
				LD_RUNPATH_SEARCH_PATHS = (
					"$(inherited)",
					"@executable_path/Frameworks",
					"@loader_path/Frameworks",
				);
				PRODUCT_BUNDLE_IDENTIFIER = RW.CookTimeTests;
				PRODUCT_NAME = "$(TARGET_NAME)";
				SWIFT_VERSION = 4.0;
				TARGETED_DEVICE_FAMILY = "1,2";
				TEST_HOST = "$(BUILT_PRODUCTS_DIR)/CookTime.app/CookTime";
			};
			name = Debug;
		};
		7FB2EBB42103A5D1006407A9 /* Release */ = {
			isa = XCBuildConfiguration;
			baseConfigurationReference = 368A52A13440B3C6448FA0CF /* Pods-CookTimeTests.release.xcconfig */;
			buildSettings = {
				ALWAYS_EMBED_SWIFT_STANDARD_LIBRARIES = YES;
				BUNDLE_LOADER = "$(TEST_HOST)";
				CODE_SIGN_STYLE = Automatic;
				DEVELOPMENT_TEAM = NQRKAAHYPQ;
				INFOPLIST_FILE = CookTimeTests/Info.plist;
				LD_RUNPATH_SEARCH_PATHS = (
					"$(inherited)",
					"@executable_path/Frameworks",
					"@loader_path/Frameworks",
				);
				PRODUCT_BUNDLE_IDENTIFIER = RW.CookTimeTests;
				PRODUCT_NAME = "$(TARGET_NAME)";
				SWIFT_VERSION = 4.0;
				TARGETED_DEVICE_FAMILY = "1,2";
				TEST_HOST = "$(BUILT_PRODUCTS_DIR)/CookTime.app/CookTime";
			};
			name = Release;
		};
		7FB2EBB62103A5D1006407A9 /* Debug */ = {
			isa = XCBuildConfiguration;
			baseConfigurationReference = D68EAF4D6CBD53AA5371A089 /* Pods-CookTimeUITests.debug.xcconfig */;
			buildSettings = {
				ALWAYS_EMBED_SWIFT_STANDARD_LIBRARIES = YES;
				CODE_SIGN_STYLE = Automatic;
				DEVELOPMENT_TEAM = NQRKAAHYPQ;
				INFOPLIST_FILE = CookTimeUITests/Info.plist;
				LD_RUNPATH_SEARCH_PATHS = (
					"$(inherited)",
					"@executable_path/Frameworks",
					"@loader_path/Frameworks",
				);
				PRODUCT_BUNDLE_IDENTIFIER = RW.CookTimeUITests;
				PRODUCT_NAME = "$(TARGET_NAME)";
				SWIFT_VERSION = 4.0;
				TARGETED_DEVICE_FAMILY = "1,2";
				TEST_TARGET_NAME = CookTime;
			};
			name = Debug;
		};
		7FB2EBB72103A5D1006407A9 /* Release */ = {
			isa = XCBuildConfiguration;
			baseConfigurationReference = BD0E25447B240DD5B288CDC5 /* Pods-CookTimeUITests.release.xcconfig */;
			buildSettings = {
				ALWAYS_EMBED_SWIFT_STANDARD_LIBRARIES = YES;
				CODE_SIGN_STYLE = Automatic;
				DEVELOPMENT_TEAM = NQRKAAHYPQ;
				INFOPLIST_FILE = CookTimeUITests/Info.plist;
				LD_RUNPATH_SEARCH_PATHS = (
					"$(inherited)",
					"@executable_path/Frameworks",
					"@loader_path/Frameworks",
				);
				PRODUCT_BUNDLE_IDENTIFIER = RW.CookTimeUITests;
				PRODUCT_NAME = "$(TARGET_NAME)";
				SWIFT_VERSION = 4.0;
				TARGETED_DEVICE_FAMILY = "1,2";
				TEST_TARGET_NAME = CookTime;
			};
			name = Release;
		};
/* End XCBuildConfiguration section */

/* Begin XCConfigurationList section */
		7FB2EB822103A5CB006407A9 /* Build configuration list for PBXProject "CookTime" */ = {
			isa = XCConfigurationList;
			buildConfigurations = (
				7FB2EBAD2103A5D1006407A9 /* Debug */,
				7FB2EBAE2103A5D1006407A9 /* Release */,
			);
			defaultConfigurationIsVisible = 0;
			defaultConfigurationName = Release;
		};
		7FB2EBAF2103A5D1006407A9 /* Build configuration list for PBXNativeTarget "CookTime" */ = {
			isa = XCConfigurationList;
			buildConfigurations = (
				7FB2EBB02103A5D1006407A9 /* Debug */,
				7FB2EBB12103A5D1006407A9 /* Release */,
			);
			defaultConfigurationIsVisible = 0;
			defaultConfigurationName = Release;
		};
		7FB2EBB22103A5D1006407A9 /* Build configuration list for PBXNativeTarget "CookTimeTests" */ = {
			isa = XCConfigurationList;
			buildConfigurations = (
				7FB2EBB32103A5D1006407A9 /* Debug */,
				7FB2EBB42103A5D1006407A9 /* Release */,
			);
			defaultConfigurationIsVisible = 0;
			defaultConfigurationName = Release;
		};
		7FB2EBB52103A5D1006407A9 /* Build configuration list for PBXNativeTarget "CookTimeUITests" */ = {
			isa = XCConfigurationList;
			buildConfigurations = (
				7FB2EBB62103A5D1006407A9 /* Debug */,
				7FB2EBB72103A5D1006407A9 /* Release */,
			);
			defaultConfigurationIsVisible = 0;
			defaultConfigurationName = Release;
		};
/* End XCConfigurationList section */
	};
	rootObject = 7FB2EB7F2103A5CB006407A9 /* Project object */;
}
